
Microsoft Visual Studio Solution File, Format Version 12.00
# Visual Studio 2013
VisualStudioVersion = 12.0.31101.0
MinimumVisualStudioVersion = 10.0.40219.1
Project("{FAE04EC0-301F-11D3-BF4B-00C04F79EFBC}") = "FirstApp", "FirstApp\FirstApp.csproj", "{30C88E50-077B-43B3-B54A-FA5689085DD0}"
EndProject
Project("{FAE04EC0-301F-11D3-BF4B-00C04F79EFBC}") = "Lab2_ModelBinding", "Lab2_ModelBinding\Lab2_ModelBinding.csproj", "{9B374E6C-D1D9-4F4F-B449-277D3C5E7CC3}"
EndProject
Project("{FAE04EC0-301F-11D3-BF4B-00C04F79EFBC}") = "Lab3_Views", "Lab3_Views\Lab3_Views.csproj", "{18750434-E047-45B6-9EE0-00C414D02CA1}"
EndProject
Global
	GlobalSection(SolutionConfigurationPlatforms) = preSolution
		Debug|Any CPU = Debug|Any CPU
		Release|Any CPU = Release|Any CPU
	EndGlobalSection
	GlobalSection(ProjectConfigurationPlatforms) = postSolution
		{30C88E50-077B-43B3-B54A-FA5689085DD0}.Debug|Any CPU.ActiveCfg = Debug|Any CPU
		{30C88E50-077B-43B3-B54A-FA5689085DD0}.Debug|Any CPU.Build.0 = Debug|Any CPU
		{30C88E50-077B-43B3-B54A-FA5689085DD0}.Release|Any CPU.ActiveCfg = Release|Any CPU
		{30C88E50-077B-43B3-B54A-FA5689085DD0}.Release|Any CPU.Build.0 = Release|Any CPU
		{9B374E6C-D1D9-4F4F-B449-277D3C5E7CC3}.Debug|Any CPU.ActiveCfg = Debug|Any CPU
		{9B374E6C-D1D9-4F4F-B449-277D3C5E7CC3}.Debug|Any CPU.Build.0 = Debug|Any CPU
		{9B374E6C-D1D9-4F4F-B449-277D3C5E7CC3}.Release|Any CPU.ActiveCfg = Release|Any CPU
		{9B374E6C-D1D9-4F4F-B449-277D3C5E7CC3}.Release|Any CPU.Build.0 = Release|Any CPU
		{18750434-E047-45B6-9EE0-00C414D02CA1}.Debug|Any CPU.ActiveCfg = Debug|Any CPU
		{18750434-E047-45B6-9EE0-00C414D02CA1}.Debug|Any CPU.Build.0 = Debug|Any CPU
		{18750434-E047-45B6-9EE0-00C414D02CA1}.Release|Any CPU.ActiveCfg = Release|Any CPU
		{18750434-E047-45B6-9EE0-00C414D02CA1}.Release|Any CPU.Build.0 = Release|Any CPU
	EndGlobalSection
	GlobalSection(SolutionProperties) = preSolution
		HideSolutionNode = FALSE
	EndGlobalSection
EndGlobal
